{
  "object": {
    "pins": [
      {
        "package": "DifferenceKit",
        "repositoryURL": "https://github.com/ra1028/DifferenceKit",
        "state": {
          "branch": null,
          "revision": "62745d7780deef4a023a792a1f8f763ec7bf9705",
          "version": "1.2.0"
        }
      },
      {
        "package": "MagazineLayout",
        "repositoryURL": "https://github.com/airbnb/MagazineLayout",
        "state": {
          "branch": "master",
          "revision": "4a5eff2203ad8d8c7e14ea1b283b64f9320752a9",
          "version": null
        }
      }
    ]
  },
  "version": 1
}
